
Microsoft Visual Studio Solution File, Format Version 12.00
# Visual Studio Version 16
VisualStudioVersion = 16.0.31321.278
MinimumVisualStudioVersion = 10.0.40219.1
Project("{FAE04EC0-301F-11D3-BF4B-00C04F79EFBC}") = "academia", "academia\academia.csproj", "{761B2829-1488-4F1D-AC6E-44D54FD832DA}"
EndProject
Global
	GlobalSection(SolutionConfigurationPlatforms) = preSolution
		Debug|Any CPU = Debug|Any CPU
		Release|Any CPU = Release|Any CPU
	EndGlobalSection
	GlobalSection(ProjectConfigurationPlatforms) = postSolution
		{761B2829-1488-4F1D-AC6E-44D54FD832DA}.Debug|Any CPU.ActiveCfg = Debug|Any CPU
		{761B2829-1488-4F1D-AC6E-44D54FD832DA}.Debug|Any CPU.Build.0 = Debug|Any CPU
		{761B2829-1488-4F1D-AC6E-44D54FD832DA}.Release|Any CPU.ActiveCfg = Release|Any CPU
		{761B2829-1488-4F1D-AC6E-44D54FD832DA}.Release|Any CPU.Build.0 = Release|Any CPU
	EndGlobalSection
	GlobalSection(SolutionProperties) = preSolution
		HideSolutionNode = FALSE
	EndGlobalSection
	GlobalSection(ExtensibilityGlobals) = postSolution
		SolutionGuid = {A217EE98-94DE-44FE-A2B6-420B38BB2EBE}
	EndGlobalSection
EndGlobal
