
Microsoft Visual Studio Solution File, Format Version 12.00
# Visual Studio Version 16
VisualStudioVersion = 16.0.31321.278
MinimumVisualStudioVersion = 10.0.40219.1
Project("{FAE04EC0-301F-11D3-BF4B-00C04F79EFBC}") = "exercicios", "exercicios\exercicios.csproj", "{2D835FFA-6F0A-4054-ABC1-ABFE7490D13E}"
EndProject
Global
	GlobalSection(SolutionConfigurationPlatforms) = preSolution
		Debug|Any CPU = Debug|Any CPU
		Release|Any CPU = Release|Any CPU
	EndGlobalSection
	GlobalSection(ProjectConfigurationPlatforms) = postSolution
		{2D835FFA-6F0A-4054-ABC1-ABFE7490D13E}.Debug|Any CPU.ActiveCfg = Debug|Any CPU
		{2D835FFA-6F0A-4054-ABC1-ABFE7490D13E}.Debug|Any CPU.Build.0 = Debug|Any CPU
		{2D835FFA-6F0A-4054-ABC1-ABFE7490D13E}.Release|Any CPU.ActiveCfg = Release|Any CPU
		{2D835FFA-6F0A-4054-ABC1-ABFE7490D13E}.Release|Any CPU.Build.0 = Release|Any CPU
	EndGlobalSection
	GlobalSection(SolutionProperties) = preSolution
		HideSolutionNode = FALSE
	EndGlobalSection
	GlobalSection(ExtensibilityGlobals) = postSolution
		SolutionGuid = {77FA3325-5565-48B2-9DD0-9DDB8FC2BBB1}
	EndGlobalSection
EndGlobal
